
Microsoft Visual Studio Solution File, Format Version 12.00
# Visual Studio 2013
VisualStudioVersion = 12.0.31101.0
MinimumVisualStudioVersion = 10.0.40219.1
Project("{FAE04EC0-301F-11D3-BF4B-00C04F79EFBC}") = "AwsManager.Core", "AwsManager.Core\AwsManager.Core.csproj", "{B763E3EE-17A4-4223-A7E9-DAE22E45E194}"
EndProject
Project("{FAE04EC0-301F-11D3-BF4B-00C04F79EFBC}") = "AwsManager.Api", "AwsManager.Api\AwsManager.Api.csproj", "{D03F9EF2-55DD-40E2-BB31-1D6720AE3455}"
EndProject
Global
	GlobalSection(SolutionConfigurationPlatforms) = preSolution
		Debug|Any CPU = Debug|Any CPU
		Release|Any CPU = Release|Any CPU
	EndGlobalSection
	GlobalSection(ProjectConfigurationPlatforms) = postSolution
		{B763E3EE-17A4-4223-A7E9-DAE22E45E194}.Debug|Any CPU.ActiveCfg = Debug|Any CPU
		{B763E3EE-17A4-4223-A7E9-DAE22E45E194}.Debug|Any CPU.Build.0 = Debug|Any CPU
		{B763E3EE-17A4-4223-A7E9-DAE22E45E194}.Release|Any CPU.ActiveCfg = Release|Any CPU
		{B763E3EE-17A4-4223-A7E9-DAE22E45E194}.Release|Any CPU.Build.0 = Release|Any CPU
		{D03F9EF2-55DD-40E2-BB31-1D6720AE3455}.Debug|Any CPU.ActiveCfg = Debug|Any CPU
		{D03F9EF2-55DD-40E2-BB31-1D6720AE3455}.Debug|Any CPU.Build.0 = Debug|Any CPU
		{D03F9EF2-55DD-40E2-BB31-1D6720AE3455}.Release|Any CPU.ActiveCfg = Release|Any CPU
		{D03F9EF2-55DD-40E2-BB31-1D6720AE3455}.Release|Any CPU.Build.0 = Release|Any CPU
	EndGlobalSection
	GlobalSection(SolutionProperties) = preSolution
		HideSolutionNode = FALSE
	EndGlobalSection
EndGlobal
